Microsoft Visual Studio Solution File, Format Version 12.00
# Visual Studio 14
VisualStudioVersion = 14.0.25420.1
MinimumVisualStudioVersion = 10.0.40219.1
Project("{FAE04EC0-301F-11D3-BF4B-00C04F79EFBC}") = "urhosharpgoogletango.Droid", "Android\urhosharpgoogletango.Droid.csproj", "{9599B6A8-09DA-455C-9391-319A1FCDC5B6}"
EndProject
Project("{FAE04EC0-301F-11D3-BF4B-00C04F79EFBC}") = "urhosharpgoogletango", "Core\urhosharpgoogletango.csproj", "{792AF649-1BB3-4242-8BA3-61F67E357B18}"
EndProject
Project("{FAE04EC0-301F-11D3-BF4B-00C04F79EFBC}") = "tango-sdk-base", "tango-sdk-base\tango-sdk-base.csproj", "{21BD124E-6D24-4D24-8220-423E059BD68F}"
EndProject
Project("{FAE04EC0-301F-11D3-BF4B-00C04F79EFBC}") = "tango-sdk-support", "tango-sdk-support\tango-sdk-support.csproj", "{ED3132A0-1A20-4987-808C-F72D877862AA}"
EndProject
Project("{FAE04EC0-301F-11D3-BF4B-00C04F79EFBC}") = "tango-sdk-transform-helpers", "tango-sdk-transform-helpers\tango-sdk-transform-helpers.csproj", "{B8669AED-784F-4C46-9951-AB1CF719B66E}"
EndProject
Project("{FAE04EC0-301F-11D3-BF4B-00C04F79EFBC}") = "tango-sdk-ux", "tango-sdk-ux\tango-sdk-ux.csproj", "{BD88D3D3-80D9-4228-8565-281042983438}"
EndProject
Project("{FAE04EC0-301F-11D3-BF4B-00C04F79EFBC}") = "tango-sdk-depth-interpolation", "tango-sdk-depth-interpolation\tango-sdk-depth-interpolation.csproj", "{65484F80-EBD8-4B5F-A496-FD6DFC443A6A}"
EndProject
Project("{FAE04EC0-301F-11D3-BF4B-00C04F79EFBC}") = "tango-sdk-reconstruction", "tango-sdk-reconstruction\tango-sdk-reconstruction.csproj", "{B78EB655-80F1-47BA-9452-DE793EC27DD8}"
	ProjectSection(ProjectDependencies) = postProject
		{21BD124E-6D24-4D24-8220-423E059BD68F} = {21BD124E-6D24-4D24-8220-423E059BD68F}
	EndProjectSection
EndProject
Project("{FAE04EC0-301F-11D3-BF4B-00C04F79EFBC}") = "tango-sdk-markers", "tango-sdk-markers\tango-sdk-markers.csproj", "{7FE2E8E6-8319-4F5A-ABDF-B5FC69BA6A81}"
EndProject
Project("{FAE04EC0-301F-11D3-BF4B-00C04F79EFBC}") = "tango-sdk-meshing", "tango-sdk-meshing\tango-sdk-meshing.csproj", "{F4270697-D0CC-4534-B661-D491DC4B1C22}"
EndProject
Project("{FAE04EC0-301F-11D3-BF4B-00C04F79EFBC}") = "tango-sdk-datasets", "tango-sdk-datasets\tango-sdk-datasets.csproj", "{18F518AA-9041-4265-AF49-0D7165E7BFD4}"
EndProject
Global
	GlobalSection(SolutionConfigurationPlatforms) = preSolution
		Ad-Hoc|Any CPU = Ad-Hoc|Any CPU
		Ad-Hoc|ARM = Ad-Hoc|ARM
		Ad-Hoc|iPhone = Ad-Hoc|iPhone
		Ad-Hoc|iPhoneSimulator = Ad-Hoc|iPhoneSimulator
		Ad-Hoc|x64 = Ad-Hoc|x64
		Ad-Hoc|x86 = Ad-Hoc|x86
		AppStore|Any CPU = AppStore|Any CPU
		AppStore|ARM = AppStore|ARM
		AppStore|iPhone = AppStore|iPhone
		AppStore|iPhoneSimulator = AppStore|iPhoneSimulator
		AppStore|x64 = AppStore|x64
		AppStore|x86 = AppStore|x86
		Debug|Any CPU = Debug|Any CPU
		Debug|ARM = Debug|ARM
		Debug|iPhone = Debug|iPhone
		Debug|iPhoneSimulator = Debug|iPhoneSimulator
		Debug|x64 = Debug|x64
		Debug|x86 = Debug|x86
		Release|Any CPU = Release|Any CPU
		Release|ARM = Release|ARM
		Release|iPhone = Release|iPhone
		Release|iPhoneSimulator = Release|iPhoneSimulator
		Release|x64 = Release|x64
		Release|x86 = Release|x86
	EndGlobalSection
	GlobalSection(ProjectConfigurationPlatforms) = postSolution
		{9599B6A8-09DA-455C-9391-319A1FCDC5B6}.Ad-Hoc|Any CPU.ActiveCfg = Release|Any CPU
		{9599B6A8-09DA-455C-9391-319A1FCDC5B6}.Ad-Hoc|Any CPU.Build.0 = Release|Any CPU
		{9599B6A8-09DA-455C-9391-319A1FCDC5B6}.Ad-Hoc|Any CPU.Deploy.0 = Release|Any CPU
		{9599B6A8-09DA-455C-9391-319A1FCDC5B6}.Ad-Hoc|ARM.ActiveCfg = Release Mac|Any CPU
		{9599B6A8-09DA-455C-9391-319A1FCDC5B6}.Ad-Hoc|ARM.Build.0 = Release Mac|Any CPU
		{9599B6A8-09DA-455C-9391-319A1FCDC5B6}.Ad-Hoc|ARM.Deploy.0 = Release Mac|Any CPU
		{9599B6A8-09DA-455C-9391-319A1FCDC5B6}.Ad-Hoc|iPhone.ActiveCfg = Release|Any CPU
		{9599B6A8-09DA-455C-9391-319A1FCDC5B6}.Ad-Hoc|iPhone.Build.0 = Release|Any CPU
		{9599B6A8-09DA-455C-9391-319A1FCDC5B6}.Ad-Hoc|iPhone.Deploy.0 = Release|Any CPU
		{9599B6A8-09DA-455C-9391-319A1FCDC5B6}.Ad-Hoc|iPhoneSimulator.ActiveCfg = Release|Any CPU
		{9599B6A8-09DA-455C-9391-319A1FCDC5B6}.Ad-Hoc|iPhoneSimulator.Build.0 = Release|Any CPU
		{9599B6A8-09DA-455C-9391-319A1FCDC5B6}.Ad-Hoc|iPhoneSimulator.Deploy.0 = Release|Any CPU
		{9599B6A8-09DA-455C-9391-319A1FCDC5B6}.Ad-Hoc|x64.ActiveCfg = Release Mac|Any CPU
		{9599B6A8-09DA-455C-9391-319A1FCDC5B6}.Ad-Hoc|x64.Build.0 = Release Mac|Any CPU
		{9599B6A8-09DA-455C-9391-319A1FCDC5B6}.Ad-Hoc|x64.Deploy.0 = Release Mac|Any CPU
		{9599B6A8-09DA-455C-9391-319A1FCDC5B6}.Ad-Hoc|x86.ActiveCfg = Release Mac|Any CPU
		{9599B6A8-09DA-455C-9391-319A1FCDC5B6}.Ad-Hoc|x86.Build.0 = Release Mac|Any CPU
		{9599B6A8-09DA-455C-9391-319A1FCDC5B6}.Ad-Hoc|x86.Deploy.0 = Release Mac|Any CPU
		{9599B6A8-09DA-455C-9391-319A1FCDC5B6}.AppStore|Any CPU.ActiveCfg = Release|Any CPU
		{9599B6A8-09DA-455C-9391-319A1FCDC5B6}.AppStore|Any CPU.Build.0 = Release|Any CPU
		{9599B6A8-09DA-455C-9391-319A1FCDC5B6}.AppStore|Any CPU.Deploy.0 = Release|Any CPU
		{9599B6A8-09DA-455C-9391-319A1FCDC5B6}.AppStore|ARM.ActiveCfg = Release Mac|Any CPU
		{9599B6A8-09DA-455C-9391-319A1FCDC5B6}.AppStore|ARM.Build.0 = Release Mac|Any CPU
		{9599B6A8-09DA-455C-9391-319A1FCDC5B6}.AppStore|ARM.Deploy.0 = Release Mac|Any CPU
		{9599B6A8-09DA-455C-9391-319A1FCDC5B6}.AppStore|iPhone.ActiveCfg = Release|Any CPU
		{9599B6A8-09DA-455C-9391-319A1FCDC5B6}.AppStore|iPhone.Build.0 = Release|Any CPU
		{9599B6A8-09DA-455C-9391-319A1FCDC5B6}.AppStore|iPhone.Deploy.0 = Release|Any CPU
		{9599B6A8-09DA-455C-9391-319A1FCDC5B6}.AppStore|iPhoneSimulator.ActiveCfg = Release|Any CPU
		{9599B6A8-09DA-455C-9391-319A1FCDC5B6}.AppStore|iPhoneSimulator.Build.0 = Release|Any CPU
		{9599B6A8-09DA-455C-9391-319A1FCDC5B6}.AppStore|iPhoneSimulator.Deploy.0 = Release|Any CPU
		{9599B6A8-09DA-455C-9391-319A1FCDC5B6}.AppStore|x64.ActiveCfg = Release Mac|Any CPU
		{9599B6A8-09DA-455C-9391-319A1FCDC5B6}.AppStore|x64.Build.0 = Release Mac|Any CPU
		{9599B6A8-09DA-455C-9391-319A1FCDC5B6}.AppStore|x64.Deploy.0 = Release Mac|Any CPU
		{9599B6A8-09DA-455C-9391-319A1FCDC5B6}.AppStore|x86.ActiveCfg = Release Mac|Any CPU
		{9599B6A8-09DA-455C-9391-319A1FCDC5B6}.AppStore|x86.Build.0 = Release Mac|Any CPU
		{9599B6A8-09DA-455C-9391-319A1FCDC5B6}.AppStore|x86.Deploy.0 = Release Mac|Any CPU
		{9599B6A8-09DA-455C-9391-319A1FCDC5B6}.Debug|Any CPU.ActiveCfg = Debug|Any CPU
		{9599B6A8-09DA-455C-9391-319A1FCDC5B6}.Debug|Any CPU.Build.0 = Debug|Any CPU
		{9599B6A8-09DA-455C-9391-319A1FCDC5B6}.Debug|Any CPU.Deploy.0 = Debug|Any CPU
		{9599B6A8-09DA-455C-9391-319A1FCDC5B6}.Debug|ARM.ActiveCfg = Debug|Any CPU
		{9599B6A8-09DA-455C-9391-319A1FCDC5B6}.Debug|ARM.Build.0 = Debug|Any CPU
		{9599B6A8-09DA-455C-9391-319A1FCDC5B6}.Debug|ARM.Deploy.0 = Debug|Any CPU
		{9599B6A8-09DA-455C-9391-319A1FCDC5B6}.Debug|iPhone.ActiveCfg = Debug|Any CPU
		{9599B6A8-09DA-455C-9391-319A1FCDC5B6}.Debug|iPhone.Build.0 = Debug|Any CPU
		{9599B6A8-09DA-455C-9391-319A1FCDC5B6}.Debug|iPhone.Deploy.0 = Debug|Any CPU
		{9599B6A8-09DA-455C-9391-319A1FCDC5B6}.Debug|iPhoneSimulator.ActiveCfg = Debug|Any CPU
		{9599B6A8-09DA-455C-9391-319A1FCDC5B6}.Debug|iPhoneSimulator.Build.0 = Debug|Any CPU
		{9599B6A8-09DA-455C-9391-319A1FCDC5B6}.Debug|iPhoneSimulator.Deploy.0 = Debug|Any CPU
		{9599B6A8-09DA-455C-9391-319A1FCDC5B6}.Debug|x64.ActiveCfg = Debug|Any CPU
		{9599B6A8-09DA-455C-9391-319A1FCDC5B6}.Debug|x64.Build.0 = Debug|Any CPU
		{9599B6A8-09DA-455C-9391-319A1FCDC5B6}.Debug|x64.Deploy.0 = Debug|Any CPU
		{9599B6A8-09DA-455C-9391-319A1FCDC5B6}.Debug|x86.ActiveCfg = Debug|Any CPU
		{9599B6A8-09DA-455C-9391-319A1FCDC5B6}.Debug|x86.Build.0 = Debug|Any CPU
		{9599B6A8-09DA-455C-9391-319A1FCDC5B6}.Debug|x86.Deploy.0 = Debug|Any CPU
		{9599B6A8-09DA-455C-9391-319A1FCDC5B6}.Release|Any CPU.ActiveCfg = Release|Any CPU
		{9599B6A8-09DA-455C-9391-319A1FCDC5B6}.Release|Any CPU.Build.0 = Release|Any CPU
		{9599B6A8-09DA-455C-9391-319A1FCDC5B6}.Release|Any CPU.Deploy.0 = Release|Any CPU
		{9599B6A8-09DA-455C-9391-319A1FCDC5B6}.Release|ARM.ActiveCfg = Release|Any CPU
		{9599B6A8-09DA-455C-9391-319A1FCDC5B6}.Release|ARM.Build.0 = Release|Any CPU
		{9599B6A8-09DA-455C-9391-319A1FCDC5B6}.Release|ARM.Deploy.0 = Release|Any CPU
		{9599B6A8-09DA-455C-9391-319A1FCDC5B6}.Release|iPhone.ActiveCfg = Release|Any CPU
		{9599B6A8-09DA-455C-9391-319A1FCDC5B6}.Release|iPhone.Build.0 = Release|Any CPU
		{9599B6A8-09DA-455C-9391-319A1FCDC5B6}.Release|iPhone.Deploy.0 = Release|Any CPU
		{9599B6A8-09DA-455C-9391-319A1FCDC5B6}.Release|iPhoneSimulator.ActiveCfg = Release|Any CPU
		{9599B6A8-09DA-455C-9391-319A1FCDC5B6}.Release|iPhoneSimulator.Build.0 = Release|Any CPU
		{9599B6A8-09DA-455C-9391-319A1FCDC5B6}.Release|iPhoneSimulator.Deploy.0 = Release|Any CPU
		{9599B6A8-09DA-455C-9391-319A1FCDC5B6}.Release|x64.ActiveCfg = Release|Any CPU
		{9599B6A8-09DA-455C-9391-319A1FCDC5B6}.Release|x64.Build.0 = Release|Any CPU
		{9599B6A8-09DA-455C-9391-319A1FCDC5B6}.Release|x64.Deploy.0 = Release|Any CPU
		{9599B6A8-09DA-455C-9391-319A1FCDC5B6}.Release|x86.ActiveCfg = Release|Any CPU
		{9599B6A8-09DA-455C-9391-319A1FCDC5B6}.Release|x86.Build.0 = Release|Any CPU
		{9599B6A8-09DA-455C-9391-319A1FCDC5B6}.Release|x86.Deploy.0 = Release|Any CPU
		{792AF649-1BB3-4242-8BA3-61F67E357B18}.Ad-Hoc|Any CPU.ActiveCfg = Release|Any CPU
		{792AF649-1BB3-4242-8BA3-61F67E357B18}.Ad-Hoc|Any CPU.Build.0 = Release|Any CPU
		{792AF649-1BB3-4242-8BA3-61F67E357B18}.Ad-Hoc|ARM.ActiveCfg = Release Mac|Any CPU
		{792AF649-1BB3-4242-8BA3-61F67E357B18}.Ad-Hoc|ARM.Build.0 = Release Mac|Any CPU
		{792AF649-1BB3-4242-8BA3-61F67E357B18}.Ad-Hoc|iPhone.ActiveCfg = Release|Any CPU
		{792AF649-1BB3-4242-8BA3-61F67E357B18}.Ad-Hoc|iPhone.Build.0 = Release|Any CPU
		{792AF649-1BB3-4242-8BA3-61F67E357B18}.Ad-Hoc|iPhoneSimulator.ActiveCfg = Release|Any CPU
		{792AF649-1BB3-4242-8BA3-61F67E357B18}.Ad-Hoc|iPhoneSimulator.Build.0 = Release|Any CPU
		{792AF649-1BB3-4242-8BA3-61F67E357B18}.Ad-Hoc|x64.ActiveCfg = Release Mac|Any CPU
		{792AF649-1BB3-4242-8BA3-61F67E357B18}.Ad-Hoc|x64.Build.0 = Release Mac|Any CPU
		{792AF649-1BB3-4242-8BA3-61F67E357B18}.Ad-Hoc|x86.ActiveCfg = Release Mac|Any CPU
		{792AF649-1BB3-4242-8BA3-61F67E357B18}.Ad-Hoc|x86.Build.0 = Release Mac|Any CPU
		{792AF649-1BB3-4242-8BA3-61F67E357B18}.AppStore|Any CPU.ActiveCfg = Release|Any CPU
		{792AF649-1BB3-4242-8BA3-61F67E357B18}.AppStore|Any CPU.Build.0 = Release|Any CPU
		{792AF649-1BB3-4242-8BA3-61F67E357B18}.AppStore|ARM.ActiveCfg = Release Mac|Any CPU
		{792AF649-1BB3-4242-8BA3-61F67E357B18}.AppStore|ARM.Build.0 = Release Mac|Any CPU
		{792AF649-1BB3-4242-8BA3-61F67E357B18}.AppStore|iPhone.ActiveCfg = Release|Any CPU
		{792AF649-1BB3-4242-8BA3-61F67E357B18}.AppStore|iPhone.Build.0 = Release|Any CPU
		{792AF649-1BB3-4242-8BA3-61F67E357B18}.AppStore|iPhoneSimulator.ActiveCfg = Release|Any CPU
		{792AF649-1BB3-4242-8BA3-61F67E357B18}.AppStore|iPhoneSimulator.Build.0 = Release|Any CPU
		{792AF649-1BB3-4242-8BA3-61F67E357B18}.AppStore|x64.ActiveCfg = Release Mac|Any CPU
		{792AF649-1BB3-4242-8BA3-61F67E357B18}.AppStore|x64.Build.0 = Release Mac|Any CPU
		{792AF649-1BB3-4242-8BA3-61F67E357B18}.AppStore|x86.ActiveCfg = Release Mac|Any CPU
		{792AF649-1BB3-4242-8BA3-61F67E357B18}.AppStore|x86.Build.0 = Release Mac|Any CPU
		{792AF649-1BB3-4242-8BA3-61F67E357B18}.Debug|Any CPU.ActiveCfg = Debug|Any CPU
		{792AF649-1BB3-4242-8BA3-61F67E357B18}.Debug|Any CPU.Build.0 = Debug|Any CPU
		{792AF649-1BB3-4242-8BA3-61F67E357B18}.Debug|ARM.ActiveCfg = Debug|Any CPU
		{792AF649-1BB3-4242-8BA3-61F67E357B18}.Debug|ARM.Build.0 = Debug|Any CPU
		{792AF649-1BB3-4242-8BA3-61F67E357B18}.Debug|iPhone.ActiveCfg = Debug|Any CPU
		{792AF649-1BB3-4242-8BA3-61F67E357B18}.Debug|iPhone.Build.0 = Debug|Any CPU
		{792AF649-1BB3-4242-8BA3-61F67E357B18}.Debug|iPhoneSimulator.ActiveCfg = Debug|Any CPU
		{792AF649-1BB3-4242-8BA3-61F67E357B18}.Debug|iPhoneSimulator.Build.0 = Debug|Any CPU
		{792AF649-1BB3-4242-8BA3-61F67E357B18}.Debug|x64.ActiveCfg = Debug|Any CPU
		{792AF649-1BB3-4242-8BA3-61F67E357B18}.Debug|x64.Build.0 = Debug|Any CPU
		{792AF649-1BB3-4242-8BA3-61F67E357B18}.Debug|x86.ActiveCfg = Debug|Any CPU
		{792AF649-1BB3-4242-8BA3-61F67E357B18}.Debug|x86.Build.0 = Debug|Any CPU
		{792AF649-1BB3-4242-8BA3-61F67E357B18}.Release|Any CPU.ActiveCfg = Release|Any CPU
		{792AF649-1BB3-4242-8BA3-61F67E357B18}.Release|Any CPU.Build.0 = Release|Any CPU
		{792AF649-1BB3-4242-8BA3-61F67E357B18}.Release|ARM.ActiveCfg = Release|Any CPU
		{792AF649-1BB3-4242-8BA3-61F67E357B18}.Release|ARM.Build.0 = Release|Any CPU
		{792AF649-1BB3-4242-8BA3-61F67E357B18}.Release|iPhone.ActiveCfg = Release|Any CPU
		{792AF649-1BB3-4242-8BA3-61F67E357B18}.Release|iPhone.Build.0 = Release|Any CPU
		{792AF649-1BB3-4242-8BA3-61F67E357B18}.Release|iPhoneSimulator.ActiveCfg = Release|Any CPU
		{792AF649-1BB3-4242-8BA3-61F67E357B18}.Release|iPhoneSimulator.Build.0 = Release|Any CPU
		{792AF649-1BB3-4242-8BA3-61F67E357B18}.Release|x64.ActiveCfg = Release|Any CPU
		{792AF649-1BB3-4242-8BA3-61F67E357B18}.Release|x64.Build.0 = Release|Any CPU
		{792AF649-1BB3-4242-8BA3-61F67E357B18}.Release|x86.ActiveCfg = Release|Any CPU
		{792AF649-1BB3-4242-8BA3-61F67E357B18}.Release|x86.Build.0 = Release|Any CPU
		{21BD124E-6D24-4D24-8220-423E059BD68F}.Ad-Hoc|Any CPU.ActiveCfg = Release|Any CPU
		{21BD124E-6D24-4D24-8220-423E059BD68F}.Ad-Hoc|Any CPU.Build.0 = Release|Any CPU
		{21BD124E-6D24-4D24-8220-423E059BD68F}.Ad-Hoc|ARM.ActiveCfg = Release|Any CPU
		{21BD124E-6D24-4D24-8220-423E059BD68F}.Ad-Hoc|ARM.Build.0 = Release|Any CPU
		{21BD124E-6D24-4D24-8220-423E059BD68F}.Ad-Hoc|iPhone.ActiveCfg = Release|Any CPU
		{21BD124E-6D24-4D24-8220-423E059BD68F}.Ad-Hoc|iPhone.Build.0 = Release|Any CPU
		{21BD124E-6D24-4D24-8220-423E059BD68F}.Ad-Hoc|iPhoneSimulator.ActiveCfg = Release|Any CPU
		{21BD124E-6D24-4D24-8220-423E059BD68F}.Ad-Hoc|iPhoneSimulator.Build.0 = Release|Any CPU
		{21BD124E-6D24-4D24-8220-423E059BD68F}.Ad-Hoc|x64.ActiveCfg = Release|Any CPU
		{21BD124E-6D24-4D24-8220-423E059BD68F}.Ad-Hoc|x64.Build.0 = Release|Any CPU
		{21BD124E-6D24-4D24-8220-423E059BD68F}.Ad-Hoc|x86.ActiveCfg = Release|Any CPU
		{21BD124E-6D24-4D24-8220-423E059BD68F}.Ad-Hoc|x86.Build.0 = Release|Any CPU
		{21BD124E-6D24-4D24-8220-423E059BD68F}.AppStore|Any CPU.ActiveCfg = Release|Any CPU
		{21BD124E-6D24-4D24-8220-423E059BD68F}.AppStore|Any CPU.Build.0 = Release|Any CPU
		{21BD124E-6D24-4D24-8220-423E059BD68F}.AppStore|ARM.ActiveCfg = Release|Any CPU
		{21BD124E-6D24-4D24-8220-423E059BD68F}.AppStore|ARM.Build.0 = Release|Any CPU
		{21BD124E-6D24-4D24-8220-423E059BD68F}.AppStore|iPhone.ActiveCfg = Release|Any CPU
		{21BD124E-6D24-4D24-8220-423E059BD68F}.AppStore|iPhone.Build.0 = Release|Any CPU
		{21BD124E-6D24-4D24-8220-423E059BD68F}.AppStore|iPhoneSimulator.ActiveCfg = Release|Any CPU
		{21BD124E-6D24-4D24-8220-423E059BD68F}.AppStore|iPhoneSimulator.Build.0 = Release|Any CPU
		{21BD124E-6D24-4D24-8220-423E059BD68F}.AppStore|x64.ActiveCfg = Release|Any CPU
		{21BD124E-6D24-4D24-8220-423E059BD68F}.AppStore|x64.Build.0 = Release|Any CPU
		{21BD124E-6D24-4D24-8220-423E059BD68F}.AppStore|x86.ActiveCfg = Release|Any CPU
		{21BD124E-6D24-4D24-8220-423E059BD68F}.AppStore|x86.Build.0 = Release|Any CPU
		{21BD124E-6D24-4D24-8220-423E059BD68F}.Debug|Any CPU.ActiveCfg = Debug|Any CPU
		{21BD124E-6D24-4D24-8220-423E059BD68F}.Debug|Any CPU.Build.0 = Debug|Any CPU
		{21BD124E-6D24-4D24-8220-423E059BD68F}.Debug|ARM.ActiveCfg = Debug|Any CPU
		{21BD124E-6D24-4D24-8220-423E059BD68F}.Debug|ARM.Build.0 = Debug|Any CPU
		{21BD124E-6D24-4D24-8220-423E059BD68F}.Debug|iPhone.ActiveCfg = Debug|Any CPU
		{21BD124E-6D24-4D24-8220-423E059BD68F}.Debug|iPhone.Build.0 = Debug|Any CPU
		{21BD124E-6D24-4D24-8220-423E059BD68F}.Debug|iPhoneSimulator.ActiveCfg = Debug|Any CPU
		{21BD124E-6D24-4D24-8220-423E059BD68F}.Debug|iPhoneSimulator.Build.0 = Debug|Any CPU
		{21BD124E-6D24-4D24-8220-423E059BD68F}.Debug|x64.ActiveCfg = Debug|Any CPU
		{21BD124E-6D24-4D24-8220-423E059BD68F}.Debug|x64.Build.0 = Debug|Any CPU
		{21BD124E-6D24-4D24-8220-423E059BD68F}.Debug|x86.ActiveCfg = Debug|Any CPU
		{21BD124E-6D24-4D24-8220-423E059BD68F}.Debug|x86.Build.0 = Debug|Any CPU
		{21BD124E-6D24-4D24-8220-423E059BD68F}.Release|Any CPU.ActiveCfg = Release|Any CPU
		{21BD124E-6D24-4D24-8220-423E059BD68F}.Release|Any CPU.Build.0 = Release|Any CPU
		{21BD124E-6D24-4D24-8220-423E059BD68F}.Release|ARM.ActiveCfg = Release|Any CPU
		{21BD124E-6D24-4D24-8220-423E059BD68F}.Release|ARM.Build.0 = Release|Any CPU
		{21BD124E-6D24-4D24-8220-423E059BD68F}.Release|iPhone.ActiveCfg = Release|Any CPU
		{21BD124E-6D24-4D24-8220-423E059BD68F}.Release|iPhone.Build.0 = Release|Any CPU
		{21BD124E-6D24-4D24-8220-423E059BD68F}.Release|iPhoneSimulator.ActiveCfg = Release|Any CPU
		{21BD124E-6D24-4D24-8220-423E059BD68F}.Release|iPhoneSimulator.Build.0 = Release|Any CPU
		{21BD124E-6D24-4D24-8220-423E059BD68F}.Release|x64.ActiveCfg = Release|Any CPU
		{21BD124E-6D24-4D24-8220-423E059BD68F}.Release|x64.Build.0 = Release|Any CPU
		{21BD124E-6D24-4D24-8220-423E059BD68F}.Release|x86.ActiveCfg = Release|Any CPU
		{21BD124E-6D24-4D24-8220-423E059BD68F}.Release|x86.Build.0 = Release|Any CPU
		{ED3132A0-1A20-4987-808C-F72D877862AA}.Ad-Hoc|Any CPU.ActiveCfg = Release|Any CPU
		{ED3132A0-1A20-4987-808C-F72D877862AA}.Ad-Hoc|Any CPU.Build.0 = Release|Any CPU
		{ED3132A0-1A20-4987-808C-F72D877862AA}.Ad-Hoc|ARM.ActiveCfg = Release|Any CPU
		{ED3132A0-1A20-4987-808C-F72D877862AA}.Ad-Hoc|ARM.Build.0 = Release|Any CPU
		{ED3132A0-1A20-4987-808C-F72D877862AA}.Ad-Hoc|iPhone.ActiveCfg = Release|Any CPU
		{ED3132A0-1A20-4987-808C-F72D877862AA}.Ad-Hoc|iPhone.Build.0 = Release|Any CPU
		{ED3132A0-1A20-4987-808C-F72D877862AA}.Ad-Hoc|iPhoneSimulator.ActiveCfg = Release|Any CPU
		{ED3132A0-1A20-4987-808C-F72D877862AA}.Ad-Hoc|iPhoneSimulator.Build.0 = Release|Any CPU
		{ED3132A0-1A20-4987-808C-F72D877862AA}.Ad-Hoc|x64.ActiveCfg = Release|Any CPU
		{ED3132A0-1A20-4987-808C-F72D877862AA}.Ad-Hoc|x64.Build.0 = Release|Any CPU
		{ED3132A0-1A20-4987-808C-F72D877862AA}.Ad-Hoc|x86.ActiveCfg = Release|Any CPU
		{ED3132A0-1A20-4987-808C-F72D877862AA}.Ad-Hoc|x86.Build.0 = Release|Any CPU
		{ED3132A0-1A20-4987-808C-F72D877862AA}.AppStore|Any CPU.ActiveCfg = Release|Any CPU
		{ED3132A0-1A20-4987-808C-F72D877862AA}.AppStore|Any CPU.Build.0 = Release|Any CPU
		{ED3132A0-1A20-4987-808C-F72D877862AA}.AppStore|ARM.ActiveCfg = Release|Any CPU
		{ED3132A0-1A20-4987-808C-F72D877862AA}.AppStore|ARM.Build.0 = Release|Any CPU
		{ED3132A0-1A20-4987-808C-F72D877862AA}.AppStore|iPhone.ActiveCfg = Release|Any CPU
		{ED3132A0-1A20-4987-808C-F72D877862AA}.AppStore|iPhone.Build.0 = Release|Any CPU
		{ED3132A0-1A20-4987-808C-F72D877862AA}.AppStore|iPhoneSimulator.ActiveCfg = Release|Any CPU
		{ED3132A0-1A20-4987-808C-F72D877862AA}.AppStore|iPhoneSimulator.Build.0 = Release|Any CPU
		{ED3132A0-1A20-4987-808C-F72D877862AA}.AppStore|x64.ActiveCfg = Release|Any CPU
		{ED3132A0-1A20-4987-808C-F72D877862AA}.AppStore|x64.Build.0 = Release|Any CPU
		{ED3132A0-1A20-4987-808C-F72D877862AA}.AppStore|x86.ActiveCfg = Release|Any CPU
		{ED3132A0-1A20-4987-808C-F72D877862AA}.AppStore|x86.Build.0 = Release|Any CPU
		{ED3132A0-1A20-4987-808C-F72D877862AA}.Debug|Any CPU.ActiveCfg = Debug|Any CPU
		{ED3132A0-1A20-4987-808C-F72D877862AA}.Debug|Any CPU.Build.0 = Debug|Any CPU
		{ED3132A0-1A20-4987-808C-F72D877862AA}.Debug|ARM.ActiveCfg = Debug|Any CPU
		{ED3132A0-1A20-4987-808C-F72D877862AA}.Debug|ARM.Build.0 = Debug|Any CPU
		{ED3132A0-1A20-4987-808C-F72D877862AA}.Debug|iPhone.ActiveCfg = Debug|Any CPU
		{ED3132A0-1A20-4987-808C-F72D877862AA}.Debug|iPhone.Build.0 = Debug|Any CPU
		{ED3132A0-1A20-4987-808C-F72D877862AA}.Debug|iPhoneSimulator.ActiveCfg = Debug|Any CPU
		{ED3132A0-1A20-4987-808C-F72D877862AA}.Debug|iPhoneSimulator.Build.0 = Debug|Any CPU
		{ED3132A0-1A20-4987-808C-F72D877862AA}.Debug|x64.ActiveCfg = Debug|Any CPU
		{ED3132A0-1A20-4987-808C-F72D877862AA}.Debug|x64.Build.0 = Debug|Any CPU
		{ED3132A0-1A20-4987-808C-F72D877862AA}.Debug|x86.ActiveCfg = Debug|Any CPU
		{ED3132A0-1A20-4987-808C-F72D877862AA}.Debug|x86.Build.0 = Debug|Any CPU
		{ED3132A0-1A20-4987-808C-F72D877862AA}.Release|Any CPU.ActiveCfg = Release|Any CPU
		{ED3132A0-1A20-4987-808C-F72D877862AA}.Release|Any CPU.Build.0 = Release|Any CPU
		{ED3132A0-1A20-4987-808C-F72D877862AA}.Release|ARM.ActiveCfg = Release|Any CPU
		{ED3132A0-1A20-4987-808C-F72D877862AA}.Release|ARM.Build.0 = Release|Any CPU
		{ED3132A0-1A20-4987-808C-F72D877862AA}.Release|iPhone.ActiveCfg = Release|Any CPU
		{ED3132A0-1A20-4987-808C-F72D877862AA}.Release|iPhone.Build.0 = Release|Any CPU
		{ED3132A0-1A20-4987-808C-F72D877862AA}.Release|iPhoneSimulator.ActiveCfg = Release|Any CPU
		{ED3132A0-1A20-4987-808C-F72D877862AA}.Release|iPhoneSimulator.Build.0 = Release|Any CPU
		{ED3132A0-1A20-4987-808C-F72D877862AA}.Release|x64.ActiveCfg = Release|Any CPU
		{ED3132A0-1A20-4987-808C-F72D877862AA}.Release|x64.Build.0 = Release|Any CPU
		{ED3132A0-1A20-4987-808C-F72D877862AA}.Release|x86.ActiveCfg = Release|Any CPU
		{ED3132A0-1A20-4987-808C-F72D877862AA}.Release|x86.Build.0 = Release|Any CPU
		{B8669AED-784F-4C46-9951-AB1CF719B66E}.Ad-Hoc|Any CPU.ActiveCfg = Release|Any CPU
		{B8669AED-784F-4C46-9951-AB1CF719B66E}.Ad-Hoc|Any CPU.Build.0 = Release|Any CPU
		{B8669AED-784F-4C46-9951-AB1CF719B66E}.Ad-Hoc|ARM.ActiveCfg = Release|Any CPU
		{B8669AED-784F-4C46-9951-AB1CF719B66E}.Ad-Hoc|ARM.Build.0 = Release|Any CPU
		{B8669AED-784F-4C46-9951-AB1CF719B66E}.Ad-Hoc|iPhone.ActiveCfg = Release|Any CPU
		{B8669AED-784F-4C46-9951-AB1CF719B66E}.Ad-Hoc|iPhone.Build.0 = Release|Any CPU
		{B8669AED-784F-4C46-9951-AB1CF719B66E}.Ad-Hoc|iPhoneSimulator.ActiveCfg = Release|Any CPU
		{B8669AED-784F-4C46-9951-AB1CF719B66E}.Ad-Hoc|iPhoneSimulator.Build.0 = Release|Any CPU
		{B8669AED-784F-4C46-9951-AB1CF719B66E}.Ad-Hoc|x64.ActiveCfg = Release|Any CPU
		{B8669AED-784F-4C46-9951-AB1CF719B66E}.Ad-Hoc|x64.Build.0 = Release|Any CPU
		{B8669AED-784F-4C46-9951-AB1CF719B66E}.Ad-Hoc|x86.ActiveCfg = Release|Any CPU
		{B8669AED-784F-4C46-9951-AB1CF719B66E}.Ad-Hoc|x86.Build.0 = Release|Any CPU
		{B8669AED-784F-4C46-9951-AB1CF719B66E}.AppStore|Any CPU.ActiveCfg = Release|Any CPU
		{B8669AED-784F-4C46-9951-AB1CF719B66E}.AppStore|Any CPU.Build.0 = Release|Any CPU
		{B8669AED-784F-4C46-9951-AB1CF719B66E}.AppStore|ARM.ActiveCfg = Release|Any CPU
		{B8669AED-784F-4C46-9951-AB1CF719B66E}.AppStore|ARM.Build.0 = Release|Any CPU
		{B8669AED-784F-4C46-9951-AB1CF719B66E}.AppStore|iPhone.ActiveCfg = Release|Any CPU
		{B8669AED-784F-4C46-9951-AB1CF719B66E}.AppStore|iPhone.Build.0 = Release|Any CPU
		{B8669AED-784F-4C46-9951-AB1CF719B66E}.AppStore|iPhoneSimulator.ActiveCfg = Release|Any CPU
		{B8669AED-784F-4C46-9951-AB1CF719B66E}.AppStore|iPhoneSimulator.Build.0 = Release|Any CPU
		{B8669AED-784F-4C46-9951-AB1CF719B66E}.AppStore|x64.ActiveCfg = Release|Any CPU
		{B8669AED-784F-4C46-9951-AB1CF719B66E}.AppStore|x64.Build.0 = Release|Any CPU
		{B8669AED-784F-4C46-9951-AB1CF719B66E}.AppStore|x86.ActiveCfg = Release|Any CPU
		{B8669AED-784F-4C46-9951-AB1CF719B66E}.AppStore|x86.Build.0 = Release|Any CPU
		{B8669AED-784F-4C46-9951-AB1CF719B66E}.Debug|Any CPU.ActiveCfg = Debug|Any CPU
		{B8669AED-784F-4C46-9951-AB1CF719B66E}.Debug|Any CPU.Build.0 = Debug|Any CPU
		{B8669AED-784F-4C46-9951-AB1CF719B66E}.Debug|ARM.ActiveCfg = Debug|Any CPU
		{B8669AED-784F-4C46-9951-AB1CF719B66E}.Debug|ARM.Build.0 = Debug|Any CPU
		{B8669AED-784F-4C46-9951-AB1CF719B66E}.Debug|iPhone.ActiveCfg = Debug|Any CPU
		{B8669AED-784F-4C46-9951-AB1CF719B66E}.Debug|iPhone.Build.0 = Debug|Any CPU
		{B8669AED-784F-4C46-9951-AB1CF719B66E}.Debug|iPhoneSimulator.ActiveCfg = Debug|Any CPU
		{B8669AED-784F-4C46-9951-AB1CF719B66E}.Debug|iPhoneSimulator.Build.0 = Debug|Any CPU
		{B8669AED-784F-4C46-9951-AB1CF719B66E}.Debug|x64.ActiveCfg = Debug|Any CPU
		{B8669AED-784F-4C46-9951-AB1CF719B66E}.Debug|x64.Build.0 = Debug|Any CPU
		{B8669AED-784F-4C46-9951-AB1CF719B66E}.Debug|x86.ActiveCfg = Debug|Any CPU
		{B8669AED-784F-4C46-9951-AB1CF719B66E}.Debug|x86.Build.0 = Debug|Any CPU
		{B8669AED-784F-4C46-9951-AB1CF719B66E}.Release|Any CPU.ActiveCfg = Release|Any CPU
		{B8669AED-784F-4C46-9951-AB1CF719B66E}.Release|Any CPU.Build.0 = Release|Any CPU
		{B8669AED-784F-4C46-9951-AB1CF719B66E}.Release|ARM.ActiveCfg = Release|Any CPU
		{B8669AED-784F-4C46-9951-AB1CF719B66E}.Release|ARM.Build.0 = Release|Any CPU
		{B8669AED-784F-4C46-9951-AB1CF719B66E}.Release|iPhone.ActiveCfg = Release|Any CPU
		{B8669AED-784F-4C46-9951-AB1CF719B66E}.Release|iPhone.Build.0 = Release|Any CPU
		{B8669AED-784F-4C46-9951-AB1CF719B66E}.Release|iPhoneSimulator.ActiveCfg = Release|Any CPU
		{B8669AED-784F-4C46-9951-AB1CF719B66E}.Release|iPhoneSimulator.Build.0 = Release|Any CPU
		{B8669AED-784F-4C46-9951-AB1CF719B66E}.Release|x64.ActiveCfg = Release|Any CPU
		{B8669AED-784F-4C46-9951-AB1CF719B66E}.Release|x64.Build.0 = Release|Any CPU
		{B8669AED-784F-4C46-9951-AB1CF719B66E}.Release|x86.ActiveCfg = Release|Any CPU
		{B8669AED-784F-4C46-9951-AB1CF719B66E}.Release|x86.Build.0 = Release|Any CPU
		{BD88D3D3-80D9-4228-8565-281042983438}.Ad-Hoc|Any CPU.ActiveCfg = Release|Any CPU
		{BD88D3D3-80D9-4228-8565-281042983438}.Ad-Hoc|Any CPU.Build.0 = Release|Any CPU
		{BD88D3D3-80D9-4228-8565-281042983438}.Ad-Hoc|ARM.ActiveCfg = Release|Any CPU
		{BD88D3D3-80D9-4228-8565-281042983438}.Ad-Hoc|ARM.Build.0 = Release|Any CPU
		{BD88D3D3-80D9-4228-8565-281042983438}.Ad-Hoc|iPhone.ActiveCfg = Release|Any CPU
		{BD88D3D3-80D9-4228-8565-281042983438}.Ad-Hoc|iPhone.Build.0 = Release|Any CPU
		{BD88D3D3-80D9-4228-8565-281042983438}.Ad-Hoc|iPhoneSimulator.ActiveCfg = Release|Any CPU
		{BD88D3D3-80D9-4228-8565-281042983438}.Ad-Hoc|iPhoneSimulator.Build.0 = Release|Any CPU
		{BD88D3D3-80D9-4228-8565-281042983438}.Ad-Hoc|x64.ActiveCfg = Release|Any CPU
		{BD88D3D3-80D9-4228-8565-281042983438}.Ad-Hoc|x64.Build.0 = Release|Any CPU
		{BD88D3D3-80D9-4228-8565-281042983438}.Ad-Hoc|x86.ActiveCfg = Release|Any CPU
		{BD88D3D3-80D9-4228-8565-281042983438}.Ad-Hoc|x86.Build.0 = Release|Any CPU
		{BD88D3D3-80D9-4228-8565-281042983438}.AppStore|Any CPU.ActiveCfg = Release|Any CPU
		{BD88D3D3-80D9-4228-8565-281042983438}.AppStore|Any CPU.Build.0 = Release|Any CPU
		{BD88D3D3-80D9-4228-8565-281042983438}.AppStore|ARM.ActiveCfg = Release|Any CPU
		{BD88D3D3-80D9-4228-8565-281042983438}.AppStore|ARM.Build.0 = Release|Any CPU
		{BD88D3D3-80D9-4228-8565-281042983438}.AppStore|iPhone.ActiveCfg = Release|Any CPU
		{BD88D3D3-80D9-4228-8565-281042983438}.AppStore|iPhone.Build.0 = Release|Any CPU
		{BD88D3D3-80D9-4228-8565-281042983438}.AppStore|iPhoneSimulator.ActiveCfg = Release|Any CPU
		{BD88D3D3-80D9-4228-8565-281042983438}.AppStore|iPhoneSimulator.Build.0 = Release|Any CPU
		{BD88D3D3-80D9-4228-8565-281042983438}.AppStore|x64.ActiveCfg = Release|Any CPU
		{BD88D3D3-80D9-4228-8565-281042983438}.AppStore|x64.Build.0 = Release|Any CPU
		{BD88D3D3-80D9-4228-8565-281042983438}.AppStore|x86.ActiveCfg = Release|Any CPU
		{BD88D3D3-80D9-4228-8565-281042983438}.AppStore|x86.Build.0 = Release|Any CPU
		{BD88D3D3-80D9-4228-8565-281042983438}.Debug|Any CPU.ActiveCfg = Debug|Any CPU
		{BD88D3D3-80D9-4228-8565-281042983438}.Debug|Any CPU.Build.0 = Debug|Any CPU
		{BD88D3D3-80D9-4228-8565-281042983438}.Debug|ARM.ActiveCfg = Debug|Any CPU
		{BD88D3D3-80D9-4228-8565-281042983438}.Debug|ARM.Build.0 = Debug|Any CPU
		{BD88D3D3-80D9-4228-8565-281042983438}.Debug|iPhone.ActiveCfg = Debug|Any CPU
		{BD88D3D3-80D9-4228-8565-281042983438}.Debug|iPhone.Build.0 = Debug|Any CPU
		{BD88D3D3-80D9-4228-8565-281042983438}.Debug|iPhoneSimulator.ActiveCfg = Debug|Any CPU
		{BD88D3D3-80D9-4228-8565-281042983438}.Debug|iPhoneSimulator.Build.0 = Debug|Any CPU
		{BD88D3D3-80D9-4228-8565-281042983438}.Debug|x64.ActiveCfg = Debug|Any CPU
		{BD88D3D3-80D9-4228-8565-281042983438}.Debug|x64.Build.0 = Debug|Any CPU
		{BD88D3D3-80D9-4228-8565-281042983438}.Debug|x86.ActiveCfg = Debug|Any CPU
		{BD88D3D3-80D9-4228-8565-281042983438}.Debug|x86.Build.0 = Debug|Any CPU
		{BD88D3D3-80D9-4228-8565-281042983438}.Release|Any CPU.ActiveCfg = Release|Any CPU
		{BD88D3D3-80D9-4228-8565-281042983438}.Release|Any CPU.Build.0 = Release|Any CPU
		{BD88D3D3-80D9-4228-8565-281042983438}.Release|ARM.ActiveCfg = Release|Any CPU
		{BD88D3D3-80D9-4228-8565-281042983438}.Release|ARM.Build.0 = Release|Any CPU
		{BD88D3D3-80D9-4228-8565-281042983438}.Release|iPhone.ActiveCfg = Release|Any CPU
		{BD88D3D3-80D9-4228-8565-281042983438}.Release|iPhone.Build.0 = Release|Any CPU
		{BD88D3D3-80D9-4228-8565-281042983438}.Release|iPhoneSimulator.ActiveCfg = Release|Any CPU
		{BD88D3D3-80D9-4228-8565-281042983438}.Release|iPhoneSimulator.Build.0 = Release|Any CPU
		{BD88D3D3-80D9-4228-8565-281042983438}.Release|x64.ActiveCfg = Release|Any CPU
		{BD88D3D3-80D9-4228-8565-281042983438}.Release|x64.Build.0 = Release|Any CPU
		{BD88D3D3-80D9-4228-8565-281042983438}.Release|x86.ActiveCfg = Release|Any CPU
		{BD88D3D3-80D9-4228-8565-281042983438}.Release|x86.Build.0 = Release|Any CPU
		{65484F80-EBD8-4B5F-A496-FD6DFC443A6A}.Ad-Hoc|Any CPU.ActiveCfg = Release|Any CPU
		{65484F80-EBD8-4B5F-A496-FD6DFC443A6A}.Ad-Hoc|Any CPU.Build.0 = Release|Any CPU
		{65484F80-EBD8-4B5F-A496-FD6DFC443A6A}.Ad-Hoc|ARM.ActiveCfg = Release|Any CPU
		{65484F80-EBD8-4B5F-A496-FD6DFC443A6A}.Ad-Hoc|ARM.Build.0 = Release|Any CPU
		{65484F80-EBD8-4B5F-A496-FD6DFC443A6A}.Ad-Hoc|iPhone.ActiveCfg = Release|Any CPU
		{65484F80-EBD8-4B5F-A496-FD6DFC443A6A}.Ad-Hoc|iPhone.Build.0 = Release|Any CPU
		{65484F80-EBD8-4B5F-A496-FD6DFC443A6A}.Ad-Hoc|iPhoneSimulator.ActiveCfg = Release|Any CPU
		{65484F80-EBD8-4B5F-A496-FD6DFC443A6A}.Ad-Hoc|iPhoneSimulator.Build.0 = Release|Any CPU
		{65484F80-EBD8-4B5F-A496-FD6DFC443A6A}.Ad-Hoc|x64.ActiveCfg = Release|Any CPU
		{65484F80-EBD8-4B5F-A496-FD6DFC443A6A}.Ad-Hoc|x64.Build.0 = Release|Any CPU
		{65484F80-EBD8-4B5F-A496-FD6DFC443A6A}.Ad-Hoc|x86.ActiveCfg = Release|Any CPU
		{65484F80-EBD8-4B5F-A496-FD6DFC443A6A}.Ad-Hoc|x86.Build.0 = Release|Any CPU
		{65484F80-EBD8-4B5F-A496-FD6DFC443A6A}.AppStore|Any CPU.ActiveCfg = Release|Any CPU
		{65484F80-EBD8-4B5F-A496-FD6DFC443A6A}.AppStore|Any CPU.Build.0 = Release|Any CPU
		{65484F80-EBD8-4B5F-A496-FD6DFC443A6A}.AppStore|ARM.ActiveCfg = Release|Any CPU
		{65484F80-EBD8-4B5F-A496-FD6DFC443A6A}.AppStore|ARM.Build.0 = Release|Any CPU
		{65484F80-EBD8-4B5F-A496-FD6DFC443A6A}.AppStore|iPhone.ActiveCfg = Release|Any CPU
		{65484F80-EBD8-4B5F-A496-FD6DFC443A6A}.AppStore|iPhone.Build.0 = Release|Any CPU
		{65484F80-EBD8-4B5F-A496-FD6DFC443A6A}.AppStore|iPhoneSimulator.ActiveCfg = Release|Any CPU
		{65484F80-EBD8-4B5F-A496-FD6DFC443A6A}.AppStore|iPhoneSimulator.Build.0 = Release|Any CPU
		{65484F80-EBD8-4B5F-A496-FD6DFC443A6A}.AppStore|x64.ActiveCfg = Release|Any CPU
		{65484F80-EBD8-4B5F-A496-FD6DFC443A6A}.AppStore|x64.Build.0 = Release|Any CPU
		{65484F80-EBD8-4B5F-A496-FD6DFC443A6A}.AppStore|x86.ActiveCfg = Release|Any CPU
		{65484F80-EBD8-4B5F-A496-FD6DFC443A6A}.AppStore|x86.Build.0 = Release|Any CPU
		{65484F80-EBD8-4B5F-A496-FD6DFC443A6A}.Debug|Any CPU.ActiveCfg = Debug|Any CPU
		{65484F80-EBD8-4B5F-A496-FD6DFC443A6A}.Debug|Any CPU.Build.0 = Debug|Any CPU
		{65484F80-EBD8-4B5F-A496-FD6DFC443A6A}.Debug|ARM.ActiveCfg = Debug|Any CPU
		{65484F80-EBD8-4B5F-A496-FD6DFC443A6A}.Debug|ARM.Build.0 = Debug|Any CPU
		{65484F80-EBD8-4B5F-A496-FD6DFC443A6A}.Debug|iPhone.ActiveCfg = Debug|Any CPU
		{65484F80-EBD8-4B5F-A496-FD6DFC443A6A}.Debug|iPhone.Build.0 = Debug|Any CPU
		{65484F80-EBD8-4B5F-A496-FD6DFC443A6A}.Debug|iPhoneSimulator.ActiveCfg = Debug|Any CPU
		{65484F80-EBD8-4B5F-A496-FD6DFC443A6A}.Debug|iPhoneSimulator.Build.0 = Debug|Any CPU
		{65484F80-EBD8-4B5F-A496-FD6DFC443A6A}.Debug|x64.ActiveCfg = Debug|Any CPU
		{65484F80-EBD8-4B5F-A496-FD6DFC443A6A}.Debug|x64.Build.0 = Debug|Any CPU
		{65484F80-EBD8-4B5F-A496-FD6DFC443A6A}.Debug|x86.ActiveCfg = Debug|Any CPU
		{65484F80-EBD8-4B5F-A496-FD6DFC443A6A}.Debug|x86.Build.0 = Debug|Any CPU
		{65484F80-EBD8-4B5F-A496-FD6DFC443A6A}.Release|Any CPU.ActiveCfg = Release|Any CPU
		{65484F80-EBD8-4B5F-A496-FD6DFC443A6A}.Release|Any CPU.Build.0 = Release|Any CPU
		{65484F80-EBD8-4B5F-A496-FD6DFC443A6A}.Release|ARM.ActiveCfg = Release|Any CPU
		{65484F80-EBD8-4B5F-A496-FD6DFC443A6A}.Release|ARM.Build.0 = Release|Any CPU
		{65484F80-EBD8-4B5F-A496-FD6DFC443A6A}.Release|iPhone.ActiveCfg = Release|Any CPU
		{65484F80-EBD8-4B5F-A496-FD6DFC443A6A}.Release|iPhone.Build.0 = Release|Any CPU
		{65484F80-EBD8-4B5F-A496-FD6DFC443A6A}.Release|iPhoneSimulator.ActiveCfg = Release|Any CPU
		{65484F80-EBD8-4B5F-A496-FD6DFC443A6A}.Release|iPhoneSimulator.Build.0 = Release|Any CPU
		{65484F80-EBD8-4B5F-A496-FD6DFC443A6A}.Release|x64.ActiveCfg = Release|Any CPU
		{65484F80-EBD8-4B5F-A496-FD6DFC443A6A}.Release|x64.Build.0 = Release|Any CPU
		{65484F80-EBD8-4B5F-A496-FD6DFC443A6A}.Release|x86.ActiveCfg = Release|Any CPU
		{65484F80-EBD8-4B5F-A496-FD6DFC443A6A}.Release|x86.Build.0 = Release|Any CPU
		{B78EB655-80F1-47BA-9452-DE793EC27DD8}.Ad-Hoc|Any CPU.ActiveCfg = Release|Any CPU
		{B78EB655-80F1-47BA-9452-DE793EC27DD8}.Ad-Hoc|Any CPU.Build.0 = Release|Any CPU
		{B78EB655-80F1-47BA-9452-DE793EC27DD8}.Ad-Hoc|ARM.ActiveCfg = Release|Any CPU
		{B78EB655-80F1-47BA-9452-DE793EC27DD8}.Ad-Hoc|ARM.Build.0 = Release|Any CPU
		{B78EB655-80F1-47BA-9452-DE793EC27DD8}.Ad-Hoc|iPhone.ActiveCfg = Release|Any CPU
		{B78EB655-80F1-47BA-9452-DE793EC27DD8}.Ad-Hoc|iPhone.Build.0 = Release|Any CPU
		{B78EB655-80F1-47BA-9452-DE793EC27DD8}.Ad-Hoc|iPhoneSimulator.ActiveCfg = Release|Any CPU
		{B78EB655-80F1-47BA-9452-DE793EC27DD8}.Ad-Hoc|iPhoneSimulator.Build.0 = Release|Any CPU
		{B78EB655-80F1-47BA-9452-DE793EC27DD8}.Ad-Hoc|x64.ActiveCfg = Release|Any CPU
		{B78EB655-80F1-47BA-9452-DE793EC27DD8}.Ad-Hoc|x64.Build.0 = Release|Any CPU
		{B78EB655-80F1-47BA-9452-DE793EC27DD8}.Ad-Hoc|x86.ActiveCfg = Release|Any CPU
		{B78EB655-80F1-47BA-9452-DE793EC27DD8}.Ad-Hoc|x86.Build.0 = Release|Any CPU
		{B78EB655-80F1-47BA-9452-DE793EC27DD8}.AppStore|Any CPU.ActiveCfg = Release|Any CPU
		{B78EB655-80F1-47BA-9452-DE793EC27DD8}.AppStore|Any CPU.Build.0 = Release|Any CPU
		{B78EB655-80F1-47BA-9452-DE793EC27DD8}.AppStore|ARM.ActiveCfg = Release|Any CPU
		{B78EB655-80F1-47BA-9452-DE793EC27DD8}.AppStore|ARM.Build.0 = Release|Any CPU
		{B78EB655-80F1-47BA-9452-DE793EC27DD8}.AppStore|iPhone.ActiveCfg = Release|Any CPU
		{B78EB655-80F1-47BA-9452-DE793EC27DD8}.AppStore|iPhone.Build.0 = Release|Any CPU
		{B78EB655-80F1-47BA-9452-DE793EC27DD8}.AppStore|iPhoneSimulator.ActiveCfg = Release|Any CPU
		{B78EB655-80F1-47BA-9452-DE793EC27DD8}.AppStore|iPhoneSimulator.Build.0 = Release|Any CPU
		{B78EB655-80F1-47BA-9452-DE793EC27DD8}.AppStore|x64.ActiveCfg = Release|Any CPU
		{B78EB655-80F1-47BA-9452-DE793EC27DD8}.AppStore|x64.Build.0 = Release|Any CPU
		{B78EB655-80F1-47BA-9452-DE793EC27DD8}.AppStore|x86.ActiveCfg = Release|Any CPU
		{B78EB655-80F1-47BA-9452-DE793EC27DD8}.AppStore|x86.Build.0 = Release|Any CPU
		{B78EB655-80F1-47BA-9452-DE793EC27DD8}.Debug|Any CPU.ActiveCfg = Debug|Any CPU
		{B78EB655-80F1-47BA-9452-DE793EC27DD8}.Debug|Any CPU.Build.0 = Debug|Any CPU
		{B78EB655-80F1-47BA-9452-DE793EC27DD8}.Debug|ARM.ActiveCfg = Debug|Any CPU
		{B78EB655-80F1-47BA-9452-DE793EC27DD8}.Debug|ARM.Build.0 = Debug|Any CPU
		{B78EB655-80F1-47BA-9452-DE793EC27DD8}.Debug|iPhone.ActiveCfg = Debug|Any CPU
		{B78EB655-80F1-47BA-9452-DE793EC27DD8}.Debug|iPhone.Build.0 = Debug|Any CPU
		{B78EB655-80F1-47BA-9452-DE793EC27DD8}.Debug|iPhoneSimulator.ActiveCfg = Debug|Any CPU
		{B78EB655-80F1-47BA-9452-DE793EC27DD8}.Debug|iPhoneSimulator.Build.0 = Debug|Any CPU
		{B78EB655-80F1-47BA-9452-DE793EC27DD8}.Debug|x64.ActiveCfg = Debug|Any CPU
		{B78EB655-80F1-47BA-9452-DE793EC27DD8}.Debug|x64.Build.0 = Debug|Any CPU
		{B78EB655-80F1-47BA-9452-DE793EC27DD8}.Debug|x86.ActiveCfg = Debug|Any CPU
		{B78EB655-80F1-47BA-9452-DE793EC27DD8}.Debug|x86.Build.0 = Debug|Any CPU
		{B78EB655-80F1-47BA-9452-DE793EC27DD8}.Release|Any CPU.ActiveCfg = Release|Any CPU
		{B78EB655-80F1-47BA-9452-DE793EC27DD8}.Release|Any CPU.Build.0 = Release|Any CPU
		{B78EB655-80F1-47BA-9452-DE793EC27DD8}.Release|ARM.ActiveCfg = Release|Any CPU
		{B78EB655-80F1-47BA-9452-DE793EC27DD8}.Release|ARM.Build.0 = Release|Any CPU
		{B78EB655-80F1-47BA-9452-DE793EC27DD8}.Release|iPhone.ActiveCfg = Release|Any CPU
		{B78EB655-80F1-47BA-9452-DE793EC27DD8}.Release|iPhone.Build.0 = Release|Any CPU
		{B78EB655-80F1-47BA-9452-DE793EC27DD8}.Release|iPhoneSimulator.ActiveCfg = Release|Any CPU
		{B78EB655-80F1-47BA-9452-DE793EC27DD8}.Release|iPhoneSimulator.Build.0 = Release|Any CPU
		{B78EB655-80F1-47BA-9452-DE793EC27DD8}.Release|x64.ActiveCfg = Release|Any CPU
		{B78EB655-80F1-47BA-9452-DE793EC27DD8}.Release|x64.Build.0 = Release|Any CPU
		{B78EB655-80F1-47BA-9452-DE793EC27DD8}.Release|x86.ActiveCfg = Release|Any CPU
		{B78EB655-80F1-47BA-9452-DE793EC27DD8}.Release|x86.Build.0 = Release|Any CPU
		{7FE2E8E6-8319-4F5A-ABDF-B5FC69BA6A81}.Ad-Hoc|Any CPU.ActiveCfg = Release|Any CPU
		{7FE2E8E6-8319-4F5A-ABDF-B5FC69BA6A81}.Ad-Hoc|Any CPU.Build.0 = Release|Any CPU
		{7FE2E8E6-8319-4F5A-ABDF-B5FC69BA6A81}.Ad-Hoc|ARM.ActiveCfg = Release|Any CPU
		{7FE2E8E6-8319-4F5A-ABDF-B5FC69BA6A81}.Ad-Hoc|ARM.Build.0 = Release|Any CPU
		{7FE2E8E6-8319-4F5A-ABDF-B5FC69BA6A81}.Ad-Hoc|iPhone.ActiveCfg = Release|Any CPU
		{7FE2E8E6-8319-4F5A-ABDF-B5FC69BA6A81}.Ad-Hoc|iPhone.Build.0 = Release|Any CPU
		{7FE2E8E6-8319-4F5A-ABDF-B5FC69BA6A81}.Ad-Hoc|iPhoneSimulator.ActiveCfg = Release|Any CPU
		{7FE2E8E6-8319-4F5A-ABDF-B5FC69BA6A81}.Ad-Hoc|iPhoneSimulator.Build.0 = Release|Any CPU
		{7FE2E8E6-8319-4F5A-ABDF-B5FC69BA6A81}.Ad-Hoc|x64.ActiveCfg = Release|Any CPU
		{7FE2E8E6-8319-4F5A-ABDF-B5FC69BA6A81}.Ad-Hoc|x64.Build.0 = Release|Any CPU
		{7FE2E8E6-8319-4F5A-ABDF-B5FC69BA6A81}.Ad-Hoc|x86.ActiveCfg = Release|Any CPU
		{7FE2E8E6-8319-4F5A-ABDF-B5FC69BA6A81}.Ad-Hoc|x86.Build.0 = Release|Any CPU
		{7FE2E8E6-8319-4F5A-ABDF-B5FC69BA6A81}.AppStore|Any CPU.ActiveCfg = Release|Any CPU
		{7FE2E8E6-8319-4F5A-ABDF-B5FC69BA6A81}.AppStore|Any CPU.Build.0 = Release|Any CPU
		{7FE2E8E6-8319-4F5A-ABDF-B5FC69BA6A81}.AppStore|ARM.ActiveCfg = Release|Any CPU
		{7FE2E8E6-8319-4F5A-ABDF-B5FC69BA6A81}.AppStore|ARM.Build.0 = Release|Any CPU
		{7FE2E8E6-8319-4F5A-ABDF-B5FC69BA6A81}.AppStore|iPhone.ActiveCfg = Release|Any CPU
		{7FE2E8E6-8319-4F5A-ABDF-B5FC69BA6A81}.AppStore|iPhone.Build.0 = Release|Any CPU
		{7FE2E8E6-8319-4F5A-ABDF-B5FC69BA6A81}.AppStore|iPhoneSimulator.ActiveCfg = Release|Any CPU
		{7FE2E8E6-8319-4F5A-ABDF-B5FC69BA6A81}.AppStore|iPhoneSimulator.Build.0 = Release|Any CPU
		{7FE2E8E6-8319-4F5A-ABDF-B5FC69BA6A81}.AppStore|x64.ActiveCfg = Release|Any CPU
		{7FE2E8E6-8319-4F5A-ABDF-B5FC69BA6A81}.AppStore|x64.Build.0 = Release|Any CPU
		{7FE2E8E6-8319-4F5A-ABDF-B5FC69BA6A81}.AppStore|x86.ActiveCfg = Release|Any CPU
		{7FE2E8E6-8319-4F5A-ABDF-B5FC69BA6A81}.AppStore|x86.Build.0 = Release|Any CPU
		{7FE2E8E6-8319-4F5A-ABDF-B5FC69BA6A81}.Debug|Any CPU.ActiveCfg = Debug|Any CPU
		{7FE2E8E6-8319-4F5A-ABDF-B5FC69BA6A81}.Debug|Any CPU.Build.0 = Debug|Any CPU
		{7FE2E8E6-8319-4F5A-ABDF-B5FC69BA6A81}.Debug|ARM.ActiveCfg = Debug|Any CPU
		{7FE2E8E6-8319-4F5A-ABDF-B5FC69BA6A81}.Debug|ARM.Build.0 = Debug|Any CPU
		{7FE2E8E6-8319-4F5A-ABDF-B5FC69BA6A81}.Debug|iPhone.ActiveCfg = Debug|Any CPU
		{7FE2E8E6-8319-4F5A-ABDF-B5FC69BA6A81}.Debug|iPhone.Build.0 = Debug|Any CPU
		{7FE2E8E6-8319-4F5A-ABDF-B5FC69BA6A81}.Debug|iPhoneSimulator.ActiveCfg = Debug|Any CPU
		{7FE2E8E6-8319-4F5A-ABDF-B5FC69BA6A81}.Debug|iPhoneSimulator.Build.0 = Debug|Any CPU
		{7FE2E8E6-8319-4F5A-ABDF-B5FC69BA6A81}.Debug|x64.ActiveCfg = Debug|Any CPU
		{7FE2E8E6-8319-4F5A-ABDF-B5FC69BA6A81}.Debug|x64.Build.0 = Debug|Any CPU
		{7FE2E8E6-8319-4F5A-ABDF-B5FC69BA6A81}.Debug|x86.ActiveCfg = Debug|Any CPU
		{7FE2E8E6-8319-4F5A-ABDF-B5FC69BA6A81}.Debug|x86.Build.0 = Debug|Any CPU
		{7FE2E8E6-8319-4F5A-ABDF-B5FC69BA6A81}.Release|Any CPU.ActiveCfg = Release|Any CPU
		{7FE2E8E6-8319-4F5A-ABDF-B5FC69BA6A81}.Release|Any CPU.Build.0 = Release|Any CPU
		{7FE2E8E6-8319-4F5A-ABDF-B5FC69BA6A81}.Release|ARM.ActiveCfg = Release|Any CPU
		{7FE2E8E6-8319-4F5A-ABDF-B5FC69BA6A81}.Release|ARM.Build.0 = Release|Any CPU
		{7FE2E8E6-8319-4F5A-ABDF-B5FC69BA6A81}.Release|iPhone.ActiveCfg = Release|Any CPU
		{7FE2E8E6-8319-4F5A-ABDF-B5FC69BA6A81}.Release|iPhone.Build.0 = Release|Any CPU
		{7FE2E8E6-8319-4F5A-ABDF-B5FC69BA6A81}.Release|iPhoneSimulator.ActiveCfg = Release|Any CPU
		{7FE2E8E6-8319-4F5A-ABDF-B5FC69BA6A81}.Release|iPhoneSimulator.Build.0 = Release|Any CPU
		{7FE2E8E6-8319-4F5A-ABDF-B5FC69BA6A81}.Release|x64.ActiveCfg = Release|Any CPU
		{7FE2E8E6-8319-4F5A-ABDF-B5FC69BA6A81}.Release|x64.Build.0 = Release|Any CPU
		{7FE2E8E6-8319-4F5A-ABDF-B5FC69BA6A81}.Release|x86.ActiveCfg = Release|Any CPU
		{7FE2E8E6-8319-4F5A-ABDF-B5FC69BA6A81}.Release|x86.Build.0 = Release|Any CPU
		{F4270697-D0CC-4534-B661-D491DC4B1C22}.Ad-Hoc|Any CPU.ActiveCfg = Release|Any CPU
		{F4270697-D0CC-4534-B661-D491DC4B1C22}.Ad-Hoc|Any CPU.Build.0 = Release|Any CPU
		{F4270697-D0CC-4534-B661-D491DC4B1C22}.Ad-Hoc|ARM.ActiveCfg = Release|Any CPU
		{F4270697-D0CC-4534-B661-D491DC4B1C22}.Ad-Hoc|ARM.Build.0 = Release|Any CPU
		{F4270697-D0CC-4534-B661-D491DC4B1C22}.Ad-Hoc|iPhone.ActiveCfg = Release|Any CPU
		{F4270697-D0CC-4534-B661-D491DC4B1C22}.Ad-Hoc|iPhone.Build.0 = Release|Any CPU
		{F4270697-D0CC-4534-B661-D491DC4B1C22}.Ad-Hoc|iPhoneSimulator.ActiveCfg = Release|Any CPU
		{F4270697-D0CC-4534-B661-D491DC4B1C22}.Ad-Hoc|iPhoneSimulator.Build.0 = Release|Any CPU
		{F4270697-D0CC-4534-B661-D491DC4B1C22}.Ad-Hoc|x64.ActiveCfg = Release|Any CPU
		{F4270697-D0CC-4534-B661-D491DC4B1C22}.Ad-Hoc|x64.Build.0 = Release|Any CPU
		{F4270697-D0CC-4534-B661-D491DC4B1C22}.Ad-Hoc|x86.ActiveCfg = Release|Any CPU
		{F4270697-D0CC-4534-B661-D491DC4B1C22}.Ad-Hoc|x86.Build.0 = Release|Any CPU
		{F4270697-D0CC-4534-B661-D491DC4B1C22}.AppStore|Any CPU.ActiveCfg = Release|Any CPU
		{F4270697-D0CC-4534-B661-D491DC4B1C22}.AppStore|Any CPU.Build.0 = Release|Any CPU
		{F4270697-D0CC-4534-B661-D491DC4B1C22}.AppStore|ARM.ActiveCfg = Release|Any CPU
		{F4270697-D0CC-4534-B661-D491DC4B1C22}.AppStore|ARM.Build.0 = Release|Any CPU
		{F4270697-D0CC-4534-B661-D491DC4B1C22}.AppStore|iPhone.ActiveCfg = Release|Any CPU
		{F4270697-D0CC-4534-B661-D491DC4B1C22}.AppStore|iPhone.Build.0 = Release|Any CPU
		{F4270697-D0CC-4534-B661-D491DC4B1C22}.AppStore|iPhoneSimulator.ActiveCfg = Release|Any CPU
		{F4270697-D0CC-4534-B661-D491DC4B1C22}.AppStore|iPhoneSimulator.Build.0 = Release|Any CPU
		{F4270697-D0CC-4534-B661-D491DC4B1C22}.AppStore|x64.ActiveCfg = Release|Any CPU
		{F4270697-D0CC-4534-B661-D491DC4B1C22}.AppStore|x64.Build.0 = Release|Any CPU
		{F4270697-D0CC-4534-B661-D491DC4B1C22}.AppStore|x86.ActiveCfg = Release|Any CPU
		{F4270697-D0CC-4534-B661-D491DC4B1C22}.AppStore|x86.Build.0 = Release|Any CPU
		{F4270697-D0CC-4534-B661-D491DC4B1C22}.Debug|Any CPU.ActiveCfg = Debug|Any CPU
		{F4270697-D0CC-4534-B661-D491DC4B1C22}.Debug|Any CPU.Build.0 = Debug|Any CPU
		{F4270697-D0CC-4534-B661-D491DC4B1C22}.Debug|ARM.ActiveCfg = Debug|Any CPU
		{F4270697-D0CC-4534-B661-D491DC4B1C22}.Debug|ARM.Build.0 = Debug|Any CPU
		{F4270697-D0CC-4534-B661-D491DC4B1C22}.Debug|iPhone.ActiveCfg = Debug|Any CPU
		{F4270697-D0CC-4534-B661-D491DC4B1C22}.Debug|iPhone.Build.0 = Debug|Any CPU
		{F4270697-D0CC-4534-B661-D491DC4B1C22}.Debug|iPhoneSimulator.ActiveCfg = Debug|Any CPU
		{F4270697-D0CC-4534-B661-D491DC4B1C22}.Debug|iPhoneSimulator.Build.0 = Debug|Any CPU
		{F4270697-D0CC-4534-B661-D491DC4B1C22}.Debug|x64.ActiveCfg = Debug|Any CPU
		{F4270697-D0CC-4534-B661-D491DC4B1C22}.Debug|x64.Build.0 = Debug|Any CPU
		{F4270697-D0CC-4534-B661-D491DC4B1C22}.Debug|x86.ActiveCfg = Debug|Any CPU
		{F4270697-D0CC-4534-B661-D491DC4B1C22}.Debug|x86.Build.0 = Debug|Any CPU
		{F4270697-D0CC-4534-B661-D491DC4B1C22}.Release|Any CPU.ActiveCfg = Release|Any CPU
		{F4270697-D0CC-4534-B661-D491DC4B1C22}.Release|Any CPU.Build.0 = Release|Any CPU
		{F4270697-D0CC-4534-B661-D491DC4B1C22}.Release|ARM.ActiveCfg = Release|Any CPU
		{F4270697-D0CC-4534-B661-D491DC4B1C22}.Release|ARM.Build.0 = Release|Any CPU
		{F4270697-D0CC-4534-B661-D491DC4B1C22}.Release|iPhone.ActiveCfg = Release|Any CPU
		{F4270697-D0CC-4534-B661-D491DC4B1C22}.Release|iPhone.Build.0 = Release|Any CPU
		{F4270697-D0CC-4534-B661-D491DC4B1C22}.Release|iPhoneSimulator.ActiveCfg = Release|Any CPU
		{F4270697-D0CC-4534-B661-D491DC4B1C22}.Release|iPhoneSimulator.Build.0 = Release|Any CPU
		{F4270697-D0CC-4534-B661-D491DC4B1C22}.Release|x64.ActiveCfg = Release|Any CPU
		{F4270697-D0CC-4534-B661-D491DC4B1C22}.Release|x64.Build.0 = Release|Any CPU
		{F4270697-D0CC-4534-B661-D491DC4B1C22}.Release|x86.ActiveCfg = Release|Any CPU
		{F4270697-D0CC-4534-B661-D491DC4B1C22}.Release|x86.Build.0 = Release|Any CPU
		{18F518AA-9041-4265-AF49-0D7165E7BFD4}.Ad-Hoc|Any CPU.ActiveCfg = Release|Any CPU
		{18F518AA-9041-4265-AF49-0D7165E7BFD4}.Ad-Hoc|Any CPU.Build.0 = Release|Any CPU
		{18F518AA-9041-4265-AF49-0D7165E7BFD4}.Ad-Hoc|ARM.ActiveCfg = Release|Any CPU
		{18F518AA-9041-4265-AF49-0D7165E7BFD4}.Ad-Hoc|ARM.Build.0 = Release|Any CPU
		{18F518AA-9041-4265-AF49-0D7165E7BFD4}.Ad-Hoc|iPhone.ActiveCfg = Release|Any CPU
		{18F518AA-9041-4265-AF49-0D7165E7BFD4}.Ad-Hoc|iPhone.Build.0 = Release|Any CPU
		{18F518AA-9041-4265-AF49-0D7165E7BFD4}.Ad-Hoc|iPhoneSimulator.ActiveCfg = Release|Any CPU
		{18F518AA-9041-4265-AF49-0D7165E7BFD4}.Ad-Hoc|iPhoneSimulator.Build.0 = Release|Any CPU
		{18F518AA-9041-4265-AF49-0D7165E7BFD4}.Ad-Hoc|x64.ActiveCfg = Release|Any CPU
		{18F518AA-9041-4265-AF49-0D7165E7BFD4}.Ad-Hoc|x64.Build.0 = Release|Any CPU
		{18F518AA-9041-4265-AF49-0D7165E7BFD4}.Ad-Hoc|x86.ActiveCfg = Release|Any CPU
		{18F518AA-9041-4265-AF49-0D7165E7BFD4}.Ad-Hoc|x86.Build.0 = Release|Any CPU
		{18F518AA-9041-4265-AF49-0D7165E7BFD4}.AppStore|Any CPU.ActiveCfg = Release|Any CPU
		{18F518AA-9041-4265-AF49-0D7165E7BFD4}.AppStore|Any CPU.Build.0 = Release|Any CPU
		{18F518AA-9041-4265-AF49-0D7165E7BFD4}.AppStore|ARM.ActiveCfg = Release|Any CPU
		{18F518AA-9041-4265-AF49-0D7165E7BFD4}.AppStore|ARM.Build.0 = Release|Any CPU
		{18F518AA-9041-4265-AF49-0D7165E7BFD4}.AppStore|iPhone.ActiveCfg = Release|Any CPU
		{18F518AA-9041-4265-AF49-0D7165E7BFD4}.AppStore|iPhone.Build.0 = Release|Any CPU
		{18F518AA-9041-4265-AF49-0D7165E7BFD4}.AppStore|iPhoneSimulator.ActiveCfg = Release|Any CPU
		{18F518AA-9041-4265-AF49-0D7165E7BFD4}.AppStore|iPhoneSimulator.Build.0 = Release|Any CPU
		{18F518AA-9041-4265-AF49-0D7165E7BFD4}.AppStore|x64.ActiveCfg = Release|Any CPU
		{18F518AA-9041-4265-AF49-0D7165E7BFD4}.AppStore|x64.Build.0 = Release|Any CPU
		{18F518AA-9041-4265-AF49-0D7165E7BFD4}.AppStore|x86.ActiveCfg = Release|Any CPU
		{18F518AA-9041-4265-AF49-0D7165E7BFD4}.AppStore|x86.Build.0 = Release|Any CPU
		{18F518AA-9041-4265-AF49-0D7165E7BFD4}.Debug|Any CPU.ActiveCfg = Debug|Any CPU
		{18F518AA-9041-4265-AF49-0D7165E7BFD4}.Debug|Any CPU.Build.0 = Debug|Any CPU
		{18F518AA-9041-4265-AF49-0D7165E7BFD4}.Debug|ARM.ActiveCfg = Debug|Any CPU
		{18F518AA-9041-4265-AF49-0D7165E7BFD4}.Debug|ARM.Build.0 = Debug|Any CPU
		{18F518AA-9041-4265-AF49-0D7165E7BFD4}.Debug|iPhone.ActiveCfg = Debug|Any CPU
		{18F518AA-9041-4265-AF49-0D7165E7BFD4}.Debug|iPhone.Build.0 = Debug|Any CPU
		{18F518AA-9041-4265-AF49-0D7165E7BFD4}.Debug|iPhoneSimulator.ActiveCfg = Debug|Any CPU
		{18F518AA-9041-4265-AF49-0D7165E7BFD4}.Debug|iPhoneSimulator.Build.0 = Debug|Any CPU
		{18F518AA-9041-4265-AF49-0D7165E7BFD4}.Debug|x64.ActiveCfg = Debug|Any CPU
		{18F518AA-9041-4265-AF49-0D7165E7BFD4}.Debug|x64.Build.0 = Debug|Any CPU
		{18F518AA-9041-4265-AF49-0D7165E7BFD4}.Debug|x86.ActiveCfg = Debug|Any CPU
		{18F518AA-9041-4265-AF49-0D7165E7BFD4}.Debug|x86.Build.0 = Debug|Any CPU
		{18F518AA-9041-4265-AF49-0D7165E7BFD4}.Release|Any CPU.ActiveCfg = Release|Any CPU
		{18F518AA-9041-4265-AF49-0D7165E7BFD4}.Release|Any CPU.Build.0 = Release|Any CPU
		{18F518AA-9041-4265-AF49-0D7165E7BFD4}.Release|ARM.ActiveCfg = Release|Any CPU
		{18F518AA-9041-4265-AF49-0D7165E7BFD4}.Release|ARM.Build.0 = Release|Any CPU
		{18F518AA-9041-4265-AF49-0D7165E7BFD4}.Release|iPhone.ActiveCfg = Release|Any CPU
		{18F518AA-9041-4265-AF49-0D7165E7BFD4}.Release|iPhone.Build.0 = Release|Any CPU
		{18F518AA-9041-4265-AF49-0D7165E7BFD4}.Release|iPhoneSimulator.ActiveCfg = Release|Any CPU
		{18F518AA-9041-4265-AF49-0D7165E7BFD4}.Release|iPhoneSimulator.Build.0 = Release|Any CPU
		{18F518AA-9041-4265-AF49-0D7165E7BFD4}.Release|x64.ActiveCfg = Release|Any CPU
		{18F518AA-9041-4265-AF49-0D7165E7BFD4}.Release|x64.Build.0 = Release|Any CPU
		{18F518AA-9041-4265-AF49-0D7165E7BFD4}.Release|x86.ActiveCfg = Release|Any CPU
		{18F518AA-9041-4265-AF49-0D7165E7BFD4}.Release|x86.Build.0 = Release|Any CPU
	EndGlobalSection
	GlobalSection(SolutionProperties) = preSolution
		HideSolutionNode = FALSE
	EndGlobalSection
EndGlobal
